// !$*UTF8*$!
{
	archiveVersion = 1;
	classes = {
	};
	objectVersion = 46;
	objects = {

/* Begin PBXBuildFile section */
		B069C068BBF1B75007A3A6A7 /* MappingError.swift in Sources */ = {isa = PBXBuildFile; fileRef = B069C77D59BFFC6490A502CD /* MappingError.swift */; };
		B069C106360CE4EC7B0AD7A9 /* NewsItemViewController.swift in Sources */ = {isa = PBXBuildFile; fileRef = B069C746F2919D241E1461C1 /* NewsItemViewController.swift */; };
		B069C131067427A14C5F826C /* ImageLoadableView.swift in Sources */ = {isa = PBXBuildFile; fileRef = B069C68B8A01F82D1E52122E /* ImageLoadableView.swift */; };
		B069C161F556A649662ACC35 /* NewsListInteractor.swift in Sources */ = {isa = PBXBuildFile; fileRef = B069C6F329121C106F573CDA /* NewsListInteractor.swift */; };
		B069C1E4EBE90DC697DA0FA8 /* EntryListResponse.swift in Sources */ = {isa = PBXBuildFile; fileRef = B069C87B0B883D34A3F9DAD4 /* EntryListResponse.swift */; };
		B069C208915C3A33D6BE9331 /* NewsListViewController.storyboard in Resources */ = {isa = PBXBuildFile; fileRef = B069CE9F352E1DB1B7528E64 /* NewsListViewController.storyboard */; };
		B069C2372F3F869EA4EDFA19 /* UtilsAssembly.swift in Sources */ = {isa = PBXBuildFile; fileRef = B069C21A20C78F7B9ED38B3F /* UtilsAssembly.swift */; };
		B069C2D3AF338A66F1633358 /* Assets.xcassets in Resources */ = {isa = PBXBuildFile; fileRef = B069CA96125AE897E82FB815 /* Assets.xcassets */; };
		B069C36A6417F987BC093F5E /* LaunchScreen.storyboard in Resources */ = {isa = PBXBuildFile; fileRef = B069C20972A3E1DA0C20E69E /* LaunchScreen.storyboard */; };
		B069C44ED486872E960459C6 /* NewsItemAssembly.swift in Sources */ = {isa = PBXBuildFile; fileRef = B069C00AD965906E8103C2A6 /* NewsItemAssembly.swift */; };
		B069C47AAAC3CB4C98F9B310 /* ImageLoaderImpl.swift in Sources */ = {isa = PBXBuildFile; fileRef = B069CB19DE6D1C6EB8A2E45A /* ImageLoaderImpl.swift */; };
		B069C5117FD96F739A1DA8BE /* ImageLoader.swift in Sources */ = {isa = PBXBuildFile; fileRef = B069C37C41F8A6733DD66B1C /* ImageLoader.swift */; };
		B069C511EC471F61F3CC24DB /* RedditEntryModel.swift in Sources */ = {isa = PBXBuildFile; fileRef = B069C9D24A33155894AACCF0 /* RedditEntryModel.swift */; };
		B069C523F14771C7C5699DEA /* NewsItemCell.xib in Resources */ = {isa = PBXBuildFile; fileRef = B069C2675F1FCED15862F8B0 /* NewsItemCell.xib */; };
		B069C56FD2207C0E0AD46B18 /* NewsListPresenter.swift in Sources */ = {isa = PBXBuildFile; fileRef = B069C60DEB08C1A42BA8636D /* NewsListPresenter.swift */; };
		B069C5C1C0CBDE4496E31A27 /* NewsListViewModel.swift in Sources */ = {isa = PBXBuildFile; fileRef = B069C11AF82BA0BE10144E4A /* NewsListViewModel.swift */; };
		B069C63D9EC2545983C92CC3 /* ModulesAssembly.swift in Sources */ = {isa = PBXBuildFile; fileRef = B069CF21A652A71C1957AED8 /* ModulesAssembly.swift */; };
		B069C640B5D49DECFF0F037E /* UICollectionViewCell+Autosizing.swift in Sources */ = {isa = PBXBuildFile; fileRef = B069CB27256A6A86BB276CE8 /* UICollectionViewCell+Autosizing.swift */; };
		B069C64D0EE9A2656379FCFF /* NewsListPresenterImpl.swift in Sources */ = {isa = PBXBuildFile; fileRef = B069C60411BCA0C1B3DA8A31 /* NewsListPresenterImpl.swift */; };
		B069C654429BE60B4DE8119E /* AppAssembly.swift in Sources */ = {isa = PBXBuildFile; fileRef = B069C10539C13AB0A2B5D23E /* AppAssembly.swift */; };
		B069C657C73C3852DB1457C1 /* CellModel.swift in Sources */ = {isa = PBXBuildFile; fileRef = B069C72C47E878314B32FC41 /* CellModel.swift */; };
		B069C6723318AAE501CACEB2 /* AppRouter.swift in Sources */ = {isa = PBXBuildFile; fileRef = B069C3758BCC51387190CEDE /* AppRouter.swift */; };
		B069C6BFA14A63607AC98CE7 /* UpdatableCell.swift in Sources */ = {isa = PBXBuildFile; fileRef = B069C1C4FD10720AD45DD8DC /* UpdatableCell.swift */; };
		B069C6EAC00FF2816541A3E2 /* Map.swift in Sources */ = {isa = PBXBuildFile; fileRef = B069C2D6B91577E808579B7D /* Map.swift */; };
		B069C799220BF3F81711D207 /* Convertible.swift in Sources */ = {isa = PBXBuildFile; fileRef = B069C2D765AB4EC1F0FF2F86 /* Convertible.swift */; };
		B069C7A5A993CD3A82B5091C /* NewsListCellHeightsCache.swift in Sources */ = {isa = PBXBuildFile; fileRef = B069C79C486C0124CDD4031B /* NewsListCellHeightsCache.swift */; };
		B069C7BB734BBCA9392A7E91 /* NewsListCollectionDataSource.swift in Sources */ = {isa = PBXBuildFile; fileRef = B069C4F4185DB38F9203A8F3 /* NewsListCollectionDataSource.swift */; };
		B069C7D96A97CA40DFD30E6B /* NewsListViewController.swift in Sources */ = {isa = PBXBuildFile; fileRef = B069C68601D012A86C1C5485 /* NewsListViewController.swift */; };
		B069C862FB204B9C4B82C892 /* NewsListAssembly.swift in Sources */ = {isa = PBXBuildFile; fileRef = B069C83642209C23454FA250 /* NewsListAssembly.swift */; };
		B069C90F51F506DA446E3ED2 /* AppDelegate.swift in Sources */ = {isa = PBXBuildFile; fileRef = B069C68505A5C9D4825EE5B3 /* AppDelegate.swift */; };
		B069C9631210EA8D32A81270 /* NewsListServiceImpl.swift in Sources */ = {isa = PBXBuildFile; fileRef = B069CCCB45B2148ACB388C7E /* NewsListServiceImpl.swift */; };
		B069C9D47D4BE4054E89C6D3 /* ImageLoadable.swift in Sources */ = {isa = PBXBuildFile; fileRef = B069CF146A5BB665F75288FB /* ImageLoadable.swift */; };
		B069C9D9777BFFA65E511D35 /* NewsListInteractorImpl.swift in Sources */ = {isa = PBXBuildFile; fileRef = B069CE0974661AFAF5B4D81F /* NewsListInteractorImpl.swift */; };
		B069CAA2AD05B96ECA2E5DD2 /* APIAssembly.swift in Sources */ = {isa = PBXBuildFile; fileRef = B069C1FEAF802A82EBAAC557 /* APIAssembly.swift */; };
		B069CB82C33D44AE0472FBF2 /* NewsListViewState.swift in Sources */ = {isa = PBXBuildFile; fileRef = B069C550D6B14B20E8E87055 /* NewsListViewState.swift */; };
		B069CBEC26C00F599ED3AB45 /* ImageCache.swift in Sources */ = {isa = PBXBuildFile; fileRef = B069C1781AF16FAFDA6F6DDD /* ImageCache.swift */; };
		B069CC8155CD1540FEA30D1F /* UIViewController+Storyboard.swift in Sources */ = {isa = PBXBuildFile; fileRef = B069CEE3107E3125FFDEF83E /* UIViewController+Storyboard.swift */; };
		B069CCC8F5AB5DE26D8BD6D6 /* NSDictionary+Mapping.swift in Sources */ = {isa = PBXBuildFile; fileRef = B069C055C1A19ADF83CDEC15 /* NSDictionary+Mapping.swift */; };
		B069CD26689EF512B7535CF6 /* RedditImageModel.swift in Sources */ = {isa = PBXBuildFile; fileRef = B069C37E1DFCCDC5926BE921 /* RedditImageModel.swift */; };
		B069CD26A11CD4A5D5631435 /* NewsListView.swift in Sources */ = {isa = PBXBuildFile; fileRef = B069C6473547B24D7A369C8F /* NewsListView.swift */; };
		B069CD2ED8D111AE337D3058 /* NewsItemCell.swift in Sources */ = {isa = PBXBuildFile; fileRef = B069C85E9247F1ED464A6CF5 /* NewsItemCell.swift */; };
		B069CD979FC12116F4EA2E4D /* NewsItem.swift in Sources */ = {isa = PBXBuildFile; fileRef = B069CB611A88567CA5019643 /* NewsItem.swift */; };
		B069CDBF6B0460D541484BD1 /* NewsListService.swift in Sources */ = {isa = PBXBuildFile; fileRef = B069C4A943F2100C2E3373AF /* NewsListService.swift */; };
		B069CDC6B8ECB3BB6E0D5251 /* NewsListCollectionModel.swift in Sources */ = {isa = PBXBuildFile; fileRef = B069CFC2FC275CD62524919A /* NewsListCollectionModel.swift */; };
		B069CDED7603B1053CC06722 /* LoadMoreCell.swift in Sources */ = {isa = PBXBuildFile; fileRef = B069C3C42AFBCE44BB37A159 /* LoadMoreCell.swift */; };
		B069CE1796A7D63875045485 /* DateFormatter.swift in Sources */ = {isa = PBXBuildFile; fileRef = B069CAE2ADC9ED467243BEA0 /* DateFormatter.swift */; };
		B069CE2E88A7E667A0D69FC1 /* LoadMoreModel.swift in Sources */ = {isa = PBXBuildFile; fileRef = B069CB5FE4F7F695856487FB /* LoadMoreModel.swift */; };
		B069CEAA56C49FFD12622AD0 /* ImageCacheImpl.swift in Sources */ = {isa = PBXBuildFile; fileRef = B069C57044EABACE0FD62F72 /* ImageCacheImpl.swift */; };
		B069CF0B5C468EEAF41AA286 /* NewsListCollectionDelegate.swift in Sources */ = {isa = PBXBuildFile; fileRef = B069C1D692406B14B2FAEAFE /* NewsListCollectionDelegate.swift */; };
		B069CF334F59034310E3E1F2 /* NewsListRouter.swift in Sources */ = {isa = PBXBuildFile; fileRef = B069C93BD2C555E5C41F6643 /* NewsListRouter.swift */; };
		B069CF723B2EB34C8D93C809 /* RedditThumbnailModel.swift in Sources */ = {isa = PBXBuildFile; fileRef = B069CCD4273ADB06CCB892D3 /* RedditThumbnailModel.swift */; };
		B512F9951F65C4F60040C5BF /* Localizable.strings in Resources */ = {isa = PBXBuildFile; fileRef = B512F9941F65C4F60040C5BF /* Localizable.strings */; };
		B512F9971F65C5390040C5BF /* Localizable.stringsdict in Resources */ = {isa = PBXBuildFile; fileRef = B512F9961F65C5390040C5BF /* Localizable.stringsdict */; };
		B512F9991F65C5E90040C5BF /* String+Localizable.swift in Sources */ = {isa = PBXBuildFile; fileRef = B512F9981F65C5E90040C5BF /* String+Localizable.swift */; };
		B5A77F571F64A211002B503B /* LoadMoreCell.xib in Resources */ = {isa = PBXBuildFile; fileRef = B5A77F561F64A211002B503B /* LoadMoreCell.xib */; };
		B5A77F5B1F654B93002B503B /* NewsItemViewController.storyboard in Resources */ = {isa = PBXBuildFile; fileRef = B5A77F5A1F654B93002B503B /* NewsItemViewController.storyboard */; };
		B5A77F631F658370002B503B /* Tests.swift in Sources */ = {isa = PBXBuildFile; fileRef = B5A77F621F658370002B503B /* Tests.swift */; };
		B5A77F6B1F65854E002B503B /* RedditEntryModelParsingTests.swift in Sources */ = {isa = PBXBuildFile; fileRef = B5A77F6A1F65854E002B503B /* RedditEntryModelParsingTests.swift */; };
		B5A77F6D1F658734002B503B /* RedditEntry.swift in Sources */ = {isa = PBXBuildFile; fileRef = B069C1A8A7733EDD30E1A121 /* RedditEntry.swift */; };
		B5A77F6E1F658B1B002B503B /* RedditEntryModel.swift in Sources */ = {isa = PBXBuildFile; fileRef = B069C9D24A33155894AACCF0 /* RedditEntryModel.swift */; };
		B5A77F6F1F658BF2002B503B /* RedditThumbnailModel.swift in Sources */ = {isa = PBXBuildFile; fileRef = B069CCD4273ADB06CCB892D3 /* RedditThumbnailModel.swift */; };
		B5A77F701F658BF6002B503B /* RedditImageModel.swift in Sources */ = {isa = PBXBuildFile; fileRef = B069C37E1DFCCDC5926BE921 /* RedditImageModel.swift */; };
		B5A77F711F658BFC002B503B /* Map.swift in Sources */ = {isa = PBXBuildFile; fileRef = B069C2D6B91577E808579B7D /* Map.swift */; };
		B5A77F721F658BFC002B503B /* Convertible.swift in Sources */ = {isa = PBXBuildFile; fileRef = B069C2D765AB4EC1F0FF2F86 /* Convertible.swift */; };
		B5A77F731F658BFC002B503B /* MappingError.swift in Sources */ = {isa = PBXBuildFile; fileRef = B069C77D59BFFC6490A502CD /* MappingError.swift */; };
		B5A77F741F658BFC002B503B /* NSDictionary+Mapping.swift in Sources */ = {isa = PBXBuildFile; fileRef = B069C055C1A19ADF83CDEC15 /* NSDictionary+Mapping.swift */; };
		B5E23F591F64235A003A59F1 /* RawJSON.swift in Sources */ = {isa = PBXBuildFile; fileRef = B5E23F581F64235A003A59F1 /* RawJSON.swift */; };
		B5E23F5D1F643F51003A59F1 /* UIView+Nib.swift in Sources */ = {isa = PBXBuildFile; fileRef = B5E23F5C1F643F51003A59F1 /* UIView+Nib.swift */; };
		B5E23F5F1F648821003A59F1 /* UICollectionView+VisibleCell.swift in Sources */ = {isa = PBXBuildFile; fileRef = B5E23F5E1F648820003A59F1 /* UICollectionView+VisibleCell.swift */; };
/* End PBXBuildFile section */

/* Begin PBXContainerItemProxy section */
		B5A77F651F658370002B503B /* PBXContainerItemProxy */ = {
			isa = PBXContainerItemProxy;
			containerPortal = B5E23F391F63C67B003A59F1 /* Project object */;
			proxyType = 1;
			remoteGlobalIDString = B5E23F401F63C67B003A59F1;
			remoteInfo = RingLabsTestTask;
		};
/* End PBXContainerItemProxy section */

/* Begin PBXFileReference section */
		B069C00AD965906E8103C2A6 /* NewsItemAssembly.swift */ = {isa = PBXFileReference; fileEncoding = 4; lastKnownFileType = sourcecode.swift; path = NewsItemAssembly.swift; sourceTree = "<group>"; };
		B069C055C1A19ADF83CDEC15 /* NSDictionary+Mapping.swift */ = {isa = PBXFileReference; fileEncoding = 4; lastKnownFileType = sourcecode.swift; path = "NSDictionary+Mapping.swift"; sourceTree = "<group>"; };
		B069C10539C13AB0A2B5D23E /* AppAssembly.swift */ = {isa = PBXFileReference; fileEncoding = 4; lastKnownFileType = sourcecode.swift; path = AppAssembly.swift; sourceTree = "<group>"; };
		B069C11AF82BA0BE10144E4A /* NewsListViewModel.swift */ = {isa = PBXFileReference; fileEncoding = 4; lastKnownFileType = sourcecode.swift; path = NewsListViewModel.swift; sourceTree = "<group>"; };
		B069C1781AF16FAFDA6F6DDD /* ImageCache.swift */ = {isa = PBXFileReference; fileEncoding = 4; lastKnownFileType = sourcecode.swift; path = ImageCache.swift; sourceTree = "<group>"; };
		B069C1A8A7733EDD30E1A121 /* RedditEntry.swift */ = {isa = PBXFileReference; fileEncoding = 4; lastKnownFileType = sourcecode.swift; path = RedditEntry.swift; sourceTree = "<group>"; };
		B069C1C4FD10720AD45DD8DC /* UpdatableCell.swift */ = {isa = PBXFileReference; fileEncoding = 4; lastKnownFileType = sourcecode.swift; path = UpdatableCell.swift; sourceTree = "<group>"; };
		B069C1D692406B14B2FAEAFE /* NewsListCollectionDelegate.swift */ = {isa = PBXFileReference; fileEncoding = 4; lastKnownFileType = sourcecode.swift; path = NewsListCollectionDelegate.swift; sourceTree = "<group>"; };
		B069C1FEAF802A82EBAAC557 /* APIAssembly.swift */ = {isa = PBXFileReference; fileEncoding = 4; lastKnownFileType = sourcecode.swift; path = APIAssembly.swift; sourceTree = "<group>"; };
		B069C21A20C78F7B9ED38B3F /* UtilsAssembly.swift */ = {isa = PBXFileReference; fileEncoding = 4; lastKnownFileType = sourcecode.swift; path = UtilsAssembly.swift; sourceTree = "<group>"; };
		B069C2675F1FCED15862F8B0 /* NewsItemCell.xib */ = {isa = PBXFileReference; lastKnownFileType = file.xib; path = NewsItemCell.xib; sourceTree = "<group>"; };
		B069C2D6B91577E808579B7D /* Map.swift */ = {isa = PBXFileReference; fileEncoding = 4; lastKnownFileType = sourcecode.swift; path = Map.swift; sourceTree = "<group>"; };
		B069C2D765AB4EC1F0FF2F86 /* Convertible.swift */ = {isa = PBXFileReference; fileEncoding = 4; lastKnownFileType = sourcecode.swift; path = Convertible.swift; sourceTree = "<group>"; };
		B069C3758BCC51387190CEDE /* AppRouter.swift */ = {isa = PBXFileReference; fileEncoding = 4; lastKnownFileType = sourcecode.swift; path = AppRouter.swift; sourceTree = "<group>"; };
		B069C37C41F8A6733DD66B1C /* ImageLoader.swift */ = {isa = PBXFileReference; fileEncoding = 4; lastKnownFileType = sourcecode.swift; path = ImageLoader.swift; sourceTree = "<group>"; };
		B069C37E1DFCCDC5926BE921 /* RedditImageModel.swift */ = {isa = PBXFileReference; fileEncoding = 4; lastKnownFileType = sourcecode.swift; path = RedditImageModel.swift; sourceTree = "<group>"; };
		B069C3C42AFBCE44BB37A159 /* LoadMoreCell.swift */ = {isa = PBXFileReference; fileEncoding = 4; lastKnownFileType = sourcecode.swift; path = LoadMoreCell.swift; sourceTree = "<group>"; };
		B069C4A943F2100C2E3373AF /* NewsListService.swift */ = {isa = PBXFileReference; fileEncoding = 4; lastKnownFileType = sourcecode.swift; path = NewsListService.swift; sourceTree = "<group>"; };
		B069C4F4185DB38F9203A8F3 /* NewsListCollectionDataSource.swift */ = {isa = PBXFileReference; fileEncoding = 4; lastKnownFileType = sourcecode.swift; path = NewsListCollectionDataSource.swift; sourceTree = "<group>"; };
		B069C550D6B14B20E8E87055 /* NewsListViewState.swift */ = {isa = PBXFileReference; fileEncoding = 4; lastKnownFileType = sourcecode.swift; path = NewsListViewState.swift; sourceTree = "<group>"; };
		B069C57044EABACE0FD62F72 /* ImageCacheImpl.swift */ = {isa = PBXFileReference; fileEncoding = 4; lastKnownFileType = sourcecode.swift; path = ImageCacheImpl.swift; sourceTree = "<group>"; };
		B069C60411BCA0C1B3DA8A31 /* NewsListPresenterImpl.swift */ = {isa = PBXFileReference; fileEncoding = 4; lastKnownFileType = sourcecode.swift; path = NewsListPresenterImpl.swift; sourceTree = "<group>"; };
		B069C60DEB08C1A42BA8636D /* NewsListPresenter.swift */ = {isa = PBXFileReference; fileEncoding = 4; lastKnownFileType = sourcecode.swift; path = NewsListPresenter.swift; sourceTree = "<group>"; };
		B069C62D22E17C471DA3910F /* Base */ = {isa = PBXFileReference; lastKnownFileType = file.storyboard; name = Base; path = RingLabsTestTask/Base.lproj/LaunchScreen.storyboard; sourceTree = SOURCE_ROOT; };
		B069C6473547B24D7A369C8F /* NewsListView.swift */ = {isa = PBXFileReference; fileEncoding = 4; lastKnownFileType = sourcecode.swift; path = NewsListView.swift; sourceTree = "<group>"; };
		B069C68505A5C9D4825EE5B3 /* AppDelegate.swift */ = {isa = PBXFileReference; fileEncoding = 4; lastKnownFileType = sourcecode.swift; path = AppDelegate.swift; sourceTree = "<group>"; };
		B069C68601D012A86C1C5485 /* NewsListViewController.swift */ = {isa = PBXFileReference; fileEncoding = 4; lastKnownFileType = sourcecode.swift; path = NewsListViewController.swift; sourceTree = "<group>"; };
		B069C68B8A01F82D1E52122E /* ImageLoadableView.swift */ = {isa = PBXFileReference; fileEncoding = 4; lastKnownFileType = sourcecode.swift; path = ImageLoadableView.swift; sourceTree = "<group>"; };
		B069C6F329121C106F573CDA /* NewsListInteractor.swift */ = {isa = PBXFileReference; fileEncoding = 4; lastKnownFileType = sourcecode.swift; path = NewsListInteractor.swift; sourceTree = "<group>"; };
		B069C72C47E878314B32FC41 /* CellModel.swift */ = {isa = PBXFileReference; fileEncoding = 4; lastKnownFileType = sourcecode.swift; path = CellModel.swift; sourceTree = "<group>"; };
		B069C746F2919D241E1461C1 /* NewsItemViewController.swift */ = {isa = PBXFileReference; fileEncoding = 4; lastKnownFileType = sourcecode.swift; path = NewsItemViewController.swift; sourceTree = "<group>"; };
		B069C77D59BFFC6490A502CD /* MappingError.swift */ = {isa = PBXFileReference; fileEncoding = 4; lastKnownFileType = sourcecode.swift; path = MappingError.swift; sourceTree = "<group>"; };
		B069C79C486C0124CDD4031B /* NewsListCellHeightsCache.swift */ = {isa = PBXFileReference; fileEncoding = 4; lastKnownFileType = sourcecode.swift; path = NewsListCellHeightsCache.swift; sourceTree = "<group>"; };
		B069C83642209C23454FA250 /* NewsListAssembly.swift */ = {isa = PBXFileReference; fileEncoding = 4; lastKnownFileType = sourcecode.swift; path = NewsListAssembly.swift; sourceTree = "<group>"; };
		B069C85E9247F1ED464A6CF5 /* NewsItemCell.swift */ = {isa = PBXFileReference; fileEncoding = 4; lastKnownFileType = sourcecode.swift; path = NewsItemCell.swift; sourceTree = "<group>"; };
		B069C87B0B883D34A3F9DAD4 /* EntryListResponse.swift */ = {isa = PBXFileReference; fileEncoding = 4; lastKnownFileType = sourcecode.swift; path = EntryListResponse.swift; sourceTree = "<group>"; };
		B069C93BD2C555E5C41F6643 /* NewsListRouter.swift */ = {isa = PBXFileReference; fileEncoding = 4; lastKnownFileType = sourcecode.swift; path = NewsListRouter.swift; sourceTree = "<group>"; };
		B069C9D24A33155894AACCF0 /* RedditEntryModel.swift */ = {isa = PBXFileReference; fileEncoding = 4; lastKnownFileType = sourcecode.swift; path = RedditEntryModel.swift; sourceTree = "<group>"; };
		B069CA510E4C251F51C6D219 /* Info.plist */ = {isa = PBXFileReference; fileEncoding = 4; lastKnownFileType = text.plist.info; path = Info.plist; sourceTree = "<group>"; };
		B069CA96125AE897E82FB815 /* Assets.xcassets */ = {isa = PBXFileReference; lastKnownFileType = folder.assetcatalog; path = Assets.xcassets; sourceTree = "<group>"; };
		B069CAE2ADC9ED467243BEA0 /* DateFormatter.swift */ = {isa = PBXFileReference; fileEncoding = 4; lastKnownFileType = sourcecode.swift; path = DateFormatter.swift; sourceTree = "<group>"; };
		B069CB19DE6D1C6EB8A2E45A /* ImageLoaderImpl.swift */ = {isa = PBXFileReference; fileEncoding = 4; lastKnownFileType = sourcecode.swift; path = ImageLoaderImpl.swift; sourceTree = "<group>"; };
		B069CB27256A6A86BB276CE8 /* UICollectionViewCell+Autosizing.swift */ = {isa = PBXFileReference; fileEncoding = 4; lastKnownFileType = sourcecode.swift; path = "UICollectionViewCell+Autosizing.swift"; sourceTree = "<group>"; };
		B069CB5FE4F7F695856487FB /* LoadMoreModel.swift */ = {isa = PBXFileReference; fileEncoding = 4; lastKnownFileType = sourcecode.swift; path = LoadMoreModel.swift; sourceTree = "<group>"; };
		B069CB611A88567CA5019643 /* NewsItem.swift */ = {isa = PBXFileReference; fileEncoding = 4; lastKnownFileType = sourcecode.swift; path = NewsItem.swift; sourceTree = "<group>"; };
		B069CCCB45B2148ACB388C7E /* NewsListServiceImpl.swift */ = {isa = PBXFileReference; fileEncoding = 4; lastKnownFileType = sourcecode.swift; path = NewsListServiceImpl.swift; sourceTree = "<group>"; };
		B069CCD4273ADB06CCB892D3 /* RedditThumbnailModel.swift */ = {isa = PBXFileReference; fileEncoding = 4; lastKnownFileType = sourcecode.swift; path = RedditThumbnailModel.swift; sourceTree = "<group>"; };
		B069CE0974661AFAF5B4D81F /* NewsListInteractorImpl.swift */ = {isa = PBXFileReference; fileEncoding = 4; lastKnownFileType = sourcecode.swift; path = NewsListInteractorImpl.swift; sourceTree = "<group>"; };
		B069CE9F352E1DB1B7528E64 /* NewsListViewController.storyboard */ = {isa = PBXFileReference; lastKnownFileType = file.storyboard; path = NewsListViewController.storyboard; sourceTree = "<group>"; };
		B069CEE3107E3125FFDEF83E /* UIViewController+Storyboard.swift */ = {isa = PBXFileReference; fileEncoding = 4; lastKnownFileType = sourcecode.swift; path = "UIViewController+Storyboard.swift"; sourceTree = "<group>"; };
		B069CF146A5BB665F75288FB /* ImageLoadable.swift */ = {isa = PBXFileReference; fileEncoding = 4; lastKnownFileType = sourcecode.swift; path = ImageLoadable.swift; sourceTree = "<group>"; };
		B069CF21A652A71C1957AED8 /* ModulesAssembly.swift */ = {isa = PBXFileReference; fileEncoding = 4; lastKnownFileType = sourcecode.swift; path = ModulesAssembly.swift; sourceTree = "<group>"; };
		B069CFC2FC275CD62524919A /* NewsListCollectionModel.swift */ = {isa = PBXFileReference; fileEncoding = 4; lastKnownFileType = sourcecode.swift; path = NewsListCollectionModel.swift; sourceTree = "<group>"; };
		B512F9941F65C4F60040C5BF /* Localizable.strings */ = {isa = PBXFileReference; fileEncoding = 4; lastKnownFileType = text.plist.strings; path = Localizable.strings; sourceTree = "<group>"; };
		B512F9961F65C5390040C5BF /* Localizable.stringsdict */ = {isa = PBXFileReference; fileEncoding = 4; lastKnownFileType = text.plist.stringsdict; path = Localizable.stringsdict; sourceTree = "<group>"; };
		B512F9981F65C5E90040C5BF /* String+Localizable.swift */ = {isa = PBXFileReference; fileEncoding = 4; lastKnownFileType = sourcecode.swift; path = "String+Localizable.swift"; sourceTree = "<group>"; };
		B5A77F561F64A211002B503B /* LoadMoreCell.xib */ = {isa = PBXFileReference; fileEncoding = 4; lastKnownFileType = file.xib; path = LoadMoreCell.xib; sourceTree = "<group>"; };
		B5A77F5A1F654B93002B503B /* NewsItemViewController.storyboard */ = {isa = PBXFileReference; fileEncoding = 4; lastKnownFileType = file.storyboard; path = NewsItemViewController.storyboard; sourceTree = "<group>"; };
		B5A77F601F658370002B503B /* Tests.xctest */ = {isa = PBXFileReference; explicitFileType = wrapper.cfbundle; includeInIndex = 0; path = Tests.xctest; sourceTree = BUILT_PRODUCTS_DIR; };
		B5A77F621F658370002B503B /* Tests.swift */ = {isa = PBXFileReference; lastKnownFileType = sourcecode.swift; path = Tests.swift; sourceTree = "<group>"; };
		B5A77F641F658370002B503B /* Info.plist */ = {isa = PBXFileReference; lastKnownFileType = text.plist.xml; path = Info.plist; sourceTree = "<group>"; };
		B5A77F6A1F65854E002B503B /* RedditEntryModelParsingTests.swift */ = {isa = PBXFileReference; fileEncoding = 4; lastKnownFileType = sourcecode.swift; path = RedditEntryModelParsingTests.swift; sourceTree = "<group>"; };
		B5E23F411F63C67B003A59F1 /* RingLabsTestTask.app */ = {isa = PBXFileReference; explicitFileType = wrapper.application; includeInIndex = 0; path = RingLabsTestTask.app; sourceTree = BUILT_PRODUCTS_DIR; };
		B5E23F581F64235A003A59F1 /* RawJSON.swift */ = {isa = PBXFileReference; fileEncoding = 4; lastKnownFileType = sourcecode.swift; path = RawJSON.swift; sourceTree = "<group>"; };
		B5E23F5C1F643F51003A59F1 /* UIView+Nib.swift */ = {isa = PBXFileReference; fileEncoding = 4; lastKnownFileType = sourcecode.swift; path = "UIView+Nib.swift"; sourceTree = "<group>"; };
		B5E23F5E1F648820003A59F1 /* UICollectionView+VisibleCell.swift */ = {isa = PBXFileReference; fileEncoding = 4; lastKnownFileType = sourcecode.swift; path = "UICollectionView+VisibleCell.swift"; sourceTree = "<group>"; };
/* End PBXFileReference section */

/* Begin PBXFrameworksBuildPhase section */
		B5A77F5D1F658370002B503B /* Frameworks */ = {
			isa = PBXFrameworksBuildPhase;
			buildActionMask = 2147483647;
			files = (
			);
			runOnlyForDeploymentPostprocessing = 0;
		};
		B5E23F3E1F63C67B003A59F1 /* Frameworks */ = {
			isa = PBXFrameworksBuildPhase;
			buildActionMask = 2147483647;
			files = (
			);
			runOnlyForDeploymentPostprocessing = 0;
		};
/* End PBXFrameworksBuildPhase section */

/* Begin PBXGroup section */
		B069C010D979FA1015667004 /* Common */ = {
			isa = PBXGroup;
			children = (
				B069CE384E78535B7FF50C01 /* Extensions */,
				B069C4912AD24B6743D9F0E6 /* Router */,
				B069CAFF9E6C676CE00EF2D2 /* APIClient */,
				B069C8AE13C5C1B14D084C77 /* Views */,
				B069C155C00500ADD6795AAE /* Services */,
			);
			path = Common;
			sourceTree = "<group>";
		};
		B069C0452C6E1FE9C3F6BE79 /* ImageCache */ = {
			isa = PBXGroup;
			children = (
				B069C1781AF16FAFDA6F6DDD /* ImageCache.swift */,
				B069C57044EABACE0FD62F72 /* ImageCacheImpl.swift */,
			);
			path = ImageCache;
			sourceTree = "<group>";
		};
		B069C09A1905D67B7BCA0DB3 /* DateFormatter */ = {
			isa = PBXGroup;
			children = (
				B069CAE2ADC9ED467243BEA0 /* DateFormatter.swift */,
			);
			path = DateFormatter;
			sourceTree = "<group>";
		};
		B069C09E7DFB957524608A4E /* SupportingFiles */ = {
			isa = PBXGroup;
			children = (
				B069CA510E4C251F51C6D219 /* Info.plist */,
			);
			path = SupportingFiles;
			sourceTree = "<group>";
		};
		B069C0C91CB2A46B875D1342 /* Storyboard */ = {
			isa = PBXGroup;
			children = (
				B069CE9F352E1DB1B7528E64 /* NewsListViewController.storyboard */,
			);
			path = Storyboard;
			sourceTree = "<group>";
		};
		B069C10A8D5F43CC60EAE088 /* Model */ = {
			isa = PBXGroup;
			children = (
				B069CB611A88567CA5019643 /* NewsItem.swift */,
			);
			path = Model;
			sourceTree = "<group>";
		};
		B069C11587961DCDCF94B463 /* Router */ = {
			isa = PBXGroup;
			children = (
				B069C93BD2C555E5C41F6643 /* NewsListRouter.swift */,
			);
			path = Router;
			sourceTree = "<group>";
		};
		B069C1345D65B1787E778703 /* JSONParsingTests */ = {
			isa = PBXGroup;
			children = (
				B5A77F6A1F65854E002B503B /* RedditEntryModelParsingTests.swift */,
				B069C1A8A7733EDD30E1A121 /* RedditEntry.swift */,
			);
			path = JSONParsingTests;
			sourceTree = "<group>";
		};
		B069C155C00500ADD6795AAE /* Services */ = {
			isa = PBXGroup;
			children = (
				B069C20C60BEACAB786D5320 /* ImageLoader */,
				B069C0452C6E1FE9C3F6BE79 /* ImageCache */,
				B069C09A1905D67B7BCA0DB3 /* DateFormatter */,
			);
			path = Services;
			sourceTree = "<group>";
		};
		B069C1705F9D4AC6C6EB2F39 /* Assembly */ = {
			isa = PBXGroup;
			children = (
				B069C83642209C23454FA250 /* NewsListAssembly.swift */,
			);
			path = Assembly;
			sourceTree = "<group>";
		};
		B069C20C60BEACAB786D5320 /* ImageLoader */ = {
			isa = PBXGroup;
			children = (
				B069C37C41F8A6733DD66B1C /* ImageLoader.swift */,
				B069CB19DE6D1C6EB8A2E45A /* ImageLoaderImpl.swift */,
			);
			path = ImageLoader;
			sourceTree = "<group>";
		};
		B069C255E54F29B5BDD5372D /* Service */ = {
			isa = PBXGroup;
			children = (
				B069C4A943F2100C2E3373AF /* NewsListService.swift */,
				B069CCCB45B2148ACB388C7E /* NewsListServiceImpl.swift */,
			);
			path = Service;
			sourceTree = "<group>";
		};
		B069C28AAC0EB768632060B5 /* NewsItem */ = {
			isa = PBXGroup;
			children = (
				B069C85E9247F1ED464A6CF5 /* NewsItemCell.swift */,
				B069C2675F1FCED15862F8B0 /* NewsItemCell.xib */,
			);
			path = NewsItem;
			sourceTree = "<group>";
		};
		B069C2FFAD35171D8D81A2CB /* UpdatableCell */ = {
			isa = PBXGroup;
			children = (
				B069C1C4FD10720AD45DD8DC /* UpdatableCell.swift */,
				B069C72C47E878314B32FC41 /* CellModel.swift */,
			);
			path = UpdatableCell;
			sourceTree = "<group>";
		};
		B069C333D6E9C6055765DF14 /* NewsItem */ = {
			isa = PBXGroup;
			children = (
				B069C5C84FE17B42773FC324 /* Assembly */,
				B069C6C344F6EE2AB2B4373C /* View */,
			);
			path = NewsItem;
			sourceTree = "<group>";
		};
		B069C3F5E179667744EF087A /* CollectionView */ = {
			isa = PBXGroup;
			children = (
				B069C4F4185DB38F9203A8F3 /* NewsListCollectionDataSource.swift */,
				B069C1D692406B14B2FAEAFE /* NewsListCollectionDelegate.swift */,
				B069CFC2FC275CD62524919A /* NewsListCollectionModel.swift */,
				B069C79C486C0124CDD4031B /* NewsListCellHeightsCache.swift */,
			);
			path = CollectionView;
			sourceTree = "<group>";
		};
		B069C48DAE9F7D9C90CD6339 /* LoadMoreCell */ = {
			isa = PBXGroup;
			children = (
				B069C3C42AFBCE44BB37A159 /* LoadMoreCell.swift */,
				B069CB5FE4F7F695856487FB /* LoadMoreModel.swift */,
				B5A77F561F64A211002B503B /* LoadMoreCell.xib */,
			);
			path = LoadMoreCell;
			sourceTree = "<group>";
		};
		B069C4912AD24B6743D9F0E6 /* Router */ = {
			isa = PBXGroup;
			children = (
				B069C3758BCC51387190CEDE /* AppRouter.swift */,
			);
			path = Router;
			sourceTree = "<group>";
		};
		B069C5367513AF78D63BCBB4 /* UIKit */ = {
			isa = PBXGroup;
			children = (
				B069CEE3107E3125FFDEF83E /* UIViewController+Storyboard.swift */,
				B5E23F5C1F643F51003A59F1 /* UIView+Nib.swift */,
				B5E23F5E1F648820003A59F1 /* UICollectionView+VisibleCell.swift */,
				B069CB27256A6A86BB276CE8 /* UICollectionViewCell+Autosizing.swift */,
			);
			path = UIKit;
			sourceTree = "<group>";
		};
		B069C592F5495A107CF26F3E /* AppDelegate */ = {
			isa = PBXGroup;
			children = (
				B069C68505A5C9D4825EE5B3 /* AppDelegate.swift */,
			);
			path = AppDelegate;
			sourceTree = "<group>";
		};
		B069C5C84FE17B42773FC324 /* Assembly */ = {
			isa = PBXGroup;
			children = (
				B069C00AD965906E8103C2A6 /* NewsItemAssembly.swift */,
			);
			path = Assembly;
			sourceTree = "<group>";
		};
		B069C6C344F6EE2AB2B4373C /* View */ = {
			isa = PBXGroup;
			children = (
				B069C746F2919D241E1461C1 /* NewsItemViewController.swift */,
				B5A77F5A1F654B93002B503B /* NewsItemViewController.storyboard */,
			);
			path = View;
			sourceTree = "<group>";
		};
		B069C7118CAD1F46F405261B /* Cells */ = {
			isa = PBXGroup;
			children = (
				B069C28AAC0EB768632060B5 /* NewsItem */,
				B069C48DAE9F7D9C90CD6339 /* LoadMoreCell */,
			);
			path = Cells;
			sourceTree = "<group>";
		};
		B069C75BA06102B522844C25 /* Mapping */ = {
			isa = PBXGroup;
			children = (
				B069C2D6B91577E808579B7D /* Map.swift */,
				B069C2D765AB4EC1F0FF2F86 /* Convertible.swift */,
				B069C77D59BFFC6490A502CD /* MappingError.swift */,
				B069C055C1A19ADF83CDEC15 /* NSDictionary+Mapping.swift */,
			);
			path = Mapping;
			sourceTree = "<group>";
		};
		B069C79BBB81B186AC6082AA /* ImageLoadableView */ = {
			isa = PBXGroup;
			children = (
				B069CF146A5BB665F75288FB /* ImageLoadable.swift */,
				B069C68B8A01F82D1E52122E /* ImageLoadableView.swift */,
			);
			path = ImageLoadableView;
			sourceTree = "<group>";
		};
		B069C8AE13C5C1B14D084C77 /* Views */ = {
			isa = PBXGroup;
			children = (
				B069C79BBB81B186AC6082AA /* ImageLoadableView */,
				B069C2FFAD35171D8D81A2CB /* UpdatableCell */,
			);
			path = Views;
			sourceTree = "<group>";
		};
		B069C94DD583914F06038527 /* View */ = {
			isa = PBXGroup;
			children = (
				B069C0C91CB2A46B875D1342 /* Storyboard */,
				B069C68601D012A86C1C5485 /* NewsListViewController.swift */,
				B069C6473547B24D7A369C8F /* NewsListView.swift */,
				B069C3F5E179667744EF087A /* CollectionView */,
				B069C7118CAD1F46F405261B /* Cells */,
			);
			path = View;
			sourceTree = "<group>";
		};
		B069C97A70F28730C7289DBC /* Models */ = {
			isa = PBXGroup;
			children = (
				B069C9D24A33155894AACCF0 /* RedditEntryModel.swift */,
				B069CCD4273ADB06CCB892D3 /* RedditThumbnailModel.swift */,
				B069C37E1DFCCDC5926BE921 /* RedditImageModel.swift */,
				B069C87B0B883D34A3F9DAD4 /* EntryListResponse.swift */,
			);
			path = Models;
			sourceTree = "<group>";
		};
		B069CADB85AAABD1F558DF72 /* Interactor */ = {
			isa = PBXGroup;
			children = (
				B069C6F329121C106F573CDA /* NewsListInteractor.swift */,
				B069CE0974661AFAF5B4D81F /* NewsListInteractorImpl.swift */,
				B069C10A8D5F43CC60EAE088 /* Model */,
				B5E23F581F64235A003A59F1 /* RawJSON.swift */,
				B069C255E54F29B5BDD5372D /* Service */,
			);
			path = Interactor;
			sourceTree = "<group>";
		};
		B069CAFF9E6C676CE00EF2D2 /* APIClient */ = {
			isa = PBXGroup;
			children = (
				B069C97A70F28730C7289DBC /* Models */,
				B069C75BA06102B522844C25 /* Mapping */,
			);
			path = APIClient;
			sourceTree = "<group>";
		};
		B069CB58185BFFBDF940A666 /* Resources */ = {
			isa = PBXGroup;
			children = (
				B069CA96125AE897E82FB815 /* Assets.xcassets */,
				B069C20972A3E1DA0C20E69E /* LaunchScreen.storyboard */,
				B512F9941F65C4F60040C5BF /* Localizable.strings */,
				B512F9961F65C5390040C5BF /* Localizable.stringsdict */,
			);
			path = Resources;
			sourceTree = "<group>";
		};
		B069CBF2CB44B332775D03A6 /* NewsList */ = {
			isa = PBXGroup;
			children = (
				B069C94DD583914F06038527 /* View */,
				B069CF6E92E5EFC6D7417696 /* Presenter */,
				B069CADB85AAABD1F558DF72 /* Interactor */,
				B069C1705F9D4AC6C6EB2F39 /* Assembly */,
				B069C11587961DCDCF94B463 /* Router */,
			);
			path = NewsList;
			sourceTree = "<group>";
		};
		B069CD753EF4F1EB78745D0C /* Application */ = {
			isa = PBXGroup;
			children = (
				B069C592F5495A107CF26F3E /* AppDelegate */,
				B069CE9E170607D50765635C /* Assemblies */,
			);
			path = Application;
			sourceTree = "<group>";
		};
		B069CE0B97DE0F332C92777E /* Modules */ = {
			isa = PBXGroup;
			children = (
				B069CBF2CB44B332775D03A6 /* NewsList */,
				B069C333D6E9C6055765DF14 /* NewsItem */,
			);
			name = Modules;
			path = Classes;
			sourceTree = "<group>";
		};
		B069CE384E78535B7FF50C01 /* Extensions */ = {
			isa = PBXGroup;
			children = (
				B069C5367513AF78D63BCBB4 /* UIKit */,
				B512F9981F65C5E90040C5BF /* String+Localizable.swift */,
			);
			path = Extensions;
			sourceTree = "<group>";
		};
		B069CE9E170607D50765635C /* Assemblies */ = {
			isa = PBXGroup;
			children = (
				B069C10539C13AB0A2B5D23E /* AppAssembly.swift */,
				B069C1FEAF802A82EBAAC557 /* APIAssembly.swift */,
				B069CF21A652A71C1957AED8 /* ModulesAssembly.swift */,
				B069C21A20C78F7B9ED38B3F /* UtilsAssembly.swift */,
			);
			path = Assemblies;
			sourceTree = "<group>";
		};
		B069CF6E92E5EFC6D7417696 /* Presenter */ = {
			isa = PBXGroup;
			children = (
				B069C60411BCA0C1B3DA8A31 /* NewsListPresenterImpl.swift */,
				B069C60DEB08C1A42BA8636D /* NewsListPresenter.swift */,
				B069C11AF82BA0BE10144E4A /* NewsListViewModel.swift */,
				B069C550D6B14B20E8E87055 /* NewsListViewState.swift */,
			);
			path = Presenter;
			sourceTree = "<group>";
		};
		B5A77F611F658370002B503B /* Tests */ = {
			isa = PBXGroup;
			children = (
				B5A77F621F658370002B503B /* Tests.swift */,
				B5A77F641F658370002B503B /* Info.plist */,
				B069C1345D65B1787E778703 /* JSONParsingTests */,
			);
			path = Tests;
			sourceTree = "<group>";
		};
		B5E23F381F63C67B003A59F1 = {
			isa = PBXGroup;
			children = (
				B5E23F431F63C67B003A59F1 /* RingLabsTestTask */,
				B5A77F611F658370002B503B /* Tests */,
				B5E23F421F63C67B003A59F1 /* Products */,
			);
			sourceTree = "<group>";
		};
		B5E23F421F63C67B003A59F1 /* Products */ = {
			isa = PBXGroup;
			children = (
				B5E23F411F63C67B003A59F1 /* RingLabsTestTask.app */,
				B5A77F601F658370002B503B /* Tests.xctest */,
			);
			name = Products;
			sourceTree = "<group>";
		};
		B5E23F431F63C67B003A59F1 /* RingLabsTestTask */ = {
			isa = PBXGroup;
			children = (
				B069CB58185BFFBDF940A666 /* Resources */,
				B069C09E7DFB957524608A4E /* SupportingFiles */,
				B069C010D979FA1015667004 /* Common */,
				B069CE0B97DE0F332C92777E /* Modules */,
				B069CD753EF4F1EB78745D0C /* Application */,
			);
			path = RingLabsTestTask;
			sourceTree = "<group>";
		};
/* End PBXGroup section */

/* Begin PBXNativeTarget section */
		B5A77F5F1F658370002B503B /* Tests */ = {
			isa = PBXNativeTarget;
			buildConfigurationList = B5A77F691F658370002B503B /* Build configuration list for PBXNativeTarget "Tests" */;
			buildPhases = (
				B5A77F5C1F658370002B503B /* Sources */,
				B5A77F5D1F658370002B503B /* Frameworks */,
				B5A77F5E1F658370002B503B /* Resources */,
			);
			buildRules = (
			);
			dependencies = (
				B5A77F661F658370002B503B /* PBXTargetDependency */,
			);
			name = Tests;
			productName = Tests;
			productReference = B5A77F601F658370002B503B /* Tests.xctest */;
			productType = "com.apple.product-type.bundle.unit-test";
		};
		B5E23F401F63C67B003A59F1 /* RingLabsTestTask */ = {
			isa = PBXNativeTarget;
			buildConfigurationList = B5E23F531F63C67B003A59F1 /* Build configuration list for PBXNativeTarget "RingLabsTestTask" */;
			buildPhases = (
				B5E23F3D1F63C67B003A59F1 /* Sources */,
				B5E23F3E1F63C67B003A59F1 /* Frameworks */,
				B5E23F3F1F63C67B003A59F1 /* Resources */,
			);
			buildRules = (
			);
			dependencies = (
			);
			name = RingLabsTestTask;
			productName = RingLabsTestTask;
			productReference = B5E23F411F63C67B003A59F1 /* RingLabsTestTask.app */;
			productType = "com.apple.product-type.application";
		};
/* End PBXNativeTarget section */

/* Begin PBXProject section */
		B5E23F391F63C67B003A59F1 /* Project object */ = {
			isa = PBXProject;
			attributes = {
				LastSwiftUpdateCheck = 0830;
				LastUpgradeCheck = 0830;
				TargetAttributes = {
					B5A77F5F1F658370002B503B = {
						CreatedOnToolsVersion = 8.3.2;
						ProvisioningStyle = Automatic;
						TestTargetID = B5E23F401F63C67B003A59F1;
					};
					B5E23F401F63C67B003A59F1 = {
						CreatedOnToolsVersion = 8.3.2;
						DevelopmentTeam = TA9RQZV3QA;
						ProvisioningStyle = Automatic;
					};
				};
			};
			buildConfigurationList = B5E23F3C1F63C67B003A59F1 /* Build configuration list for PBXProject "RingLabsTestTask" */;
			compatibilityVersion = "Xcode 3.2";
			developmentRegion = English;
			hasScannedForEncodings = 0;
			knownRegions = (
				en,
				Base,
			);
			mainGroup = B5E23F381F63C67B003A59F1;
			productRefGroup = B5E23F421F63C67B003A59F1 /* Products */;
			projectDirPath = "";
			projectRoot = "";
			targets = (
				B5E23F401F63C67B003A59F1 /* RingLabsTestTask */,
				B5A77F5F1F658370002B503B /* Tests */,
			);
		};
/* End PBXProject section */

/* Begin PBXResourcesBuildPhase section */
		B5A77F5E1F658370002B503B /* Resources */ = {
			isa = PBXResourcesBuildPhase;
			buildActionMask = 2147483647;
			files = (
			);
			runOnlyForDeploymentPostprocessing = 0;
		};
		B5E23F3F1F63C67B003A59F1 /* Resources */ = {
			isa = PBXResourcesBuildPhase;
			buildActionMask = 2147483647;
			files = (
				B069C2D3AF338A66F1633358 /* Assets.xcassets in Resources */,
				B5A77F571F64A211002B503B /* LoadMoreCell.xib in Resources */,
				B069C36A6417F987BC093F5E /* LaunchScreen.storyboard in Resources */,
				B512F9951F65C4F60040C5BF /* Localizable.strings in Resources */,
				B069C208915C3A33D6BE9331 /* NewsListViewController.storyboard in Resources */,
				B512F9971F65C5390040C5BF /* Localizable.stringsdict in Resources */,
				B069C523F14771C7C5699DEA /* NewsItemCell.xib in Resources */,
				B5A77F5B1F654B93002B503B /* NewsItemViewController.storyboard in Resources */,
			);
			runOnlyForDeploymentPostprocessing = 0;
		};
/* End PBXResourcesBuildPhase section */

/* Begin PBXSourcesBuildPhase section */
		B5A77F5C1F658370002B503B /* Sources */ = {
			isa = PBXSourcesBuildPhase;
			buildActionMask = 2147483647;
			files = (
				B5A77F6E1F658B1B002B503B /* RedditEntryModel.swift in Sources */,
				B5A77F731F658BFC002B503B /* MappingError.swift in Sources */,
				B5A77F721F658BFC002B503B /* Convertible.swift in Sources */,
				B5A77F631F658370002B503B /* Tests.swift in Sources */,
				B5A77F6D1F658734002B503B /* RedditEntry.swift in Sources */,
				B5A77F741F658BFC002B503B /* NSDictionary+Mapping.swift in Sources */,
				B5A77F711F658BFC002B503B /* Map.swift in Sources */,
				B5A77F6B1F65854E002B503B /* RedditEntryModelParsingTests.swift in Sources */,
				B5A77F6F1F658BF2002B503B /* RedditThumbnailModel.swift in Sources */,
				B5A77F701F658BF6002B503B /* RedditImageModel.swift in Sources */,
			);
			runOnlyForDeploymentPostprocessing = 0;
		};
		B5E23F3D1F63C67B003A59F1 /* Sources */ = {
			isa = PBXSourcesBuildPhase;
			buildActionMask = 2147483647;
			files = (
				B069CC8155CD1540FEA30D1F /* UIViewController+Storyboard.swift in Sources */,
				B069C90F51F506DA446E3ED2 /* AppDelegate.swift in Sources */,
				B069C654429BE60B4DE8119E /* AppAssembly.swift in Sources */,
				B069CAA2AD05B96ECA2E5DD2 /* APIAssembly.swift in Sources */,
				B5E23F591F64235A003A59F1 /* RawJSON.swift in Sources */,
				B069C6723318AAE501CACEB2 /* AppRouter.swift in Sources */,
				B069C63D9EC2545983C92CC3 /* ModulesAssembly.swift in Sources */,
				B069C7D96A97CA40DFD30E6B /* NewsListViewController.swift in Sources */,
				B5E23F5D1F643F51003A59F1 /* UIView+Nib.swift in Sources */,
				B069C862FB204B9C4B82C892 /* NewsListAssembly.swift in Sources */,
				B069C64D0EE9A2656379FCFF /* NewsListPresenterImpl.swift in Sources */,
				B512F9991F65C5E90040C5BF /* String+Localizable.swift in Sources */,
				B069C56FD2207C0E0AD46B18 /* NewsListPresenter.swift in Sources */,
				B069C161F556A649662ACC35 /* NewsListInteractor.swift in Sources */,
				B069C9D9777BFFA65E511D35 /* NewsListInteractorImpl.swift in Sources */,
				B069CD979FC12116F4EA2E4D /* NewsItem.swift in Sources */,
				B069C5C1C0CBDE4496E31A27 /* NewsListViewModel.swift in Sources */,
				B069CD26A11CD4A5D5631435 /* NewsListView.swift in Sources */,
				B069CF334F59034310E3E1F2 /* NewsListRouter.swift in Sources */,
				B069CB82C33D44AE0472FBF2 /* NewsListViewState.swift in Sources */,
				B069C7BB734BBCA9392A7E91 /* NewsListCollectionDataSource.swift in Sources */,
				B069CF0B5C468EEAF41AA286 /* NewsListCollectionDelegate.swift in Sources */,
				B069CDC6B8ECB3BB6E0D5251 /* NewsListCollectionModel.swift in Sources */,
				B5E23F5F1F648821003A59F1 /* UICollectionView+VisibleCell.swift in Sources */,
				B069C5117FD96F739A1DA8BE /* ImageLoader.swift in Sources */,
				B069C47AAAC3CB4C98F9B310 /* ImageLoaderImpl.swift in Sources */,
				B069C2372F3F869EA4EDFA19 /* UtilsAssembly.swift in Sources */,
				B069CD2ED8D111AE337D3058 /* NewsItemCell.swift in Sources */,
				B069CDED7603B1053CC06722 /* LoadMoreCell.swift in Sources */,
				B069CE2E88A7E667A0D69FC1 /* LoadMoreModel.swift in Sources */,
				B069C640B5D49DECFF0F037E /* UICollectionViewCell+Autosizing.swift in Sources */,
				B069C9D47D4BE4054E89C6D3 /* ImageLoadable.swift in Sources */,
				B069C131067427A14C5F826C /* ImageLoadableView.swift in Sources */,
				B069C6BFA14A63607AC98CE7 /* UpdatableCell.swift in Sources */,
				B069C657C73C3852DB1457C1 /* CellModel.swift in Sources */,
				B069C44ED486872E960459C6 /* NewsItemAssembly.swift in Sources */,
				B069C106360CE4EC7B0AD7A9 /* NewsItemViewController.swift in Sources */,
				B069C7A5A993CD3A82B5091C /* NewsListCellHeightsCache.swift in Sources */,
				B069CBEC26C00F599ED3AB45 /* ImageCache.swift in Sources */,
				B069CEAA56C49FFD12622AD0 /* ImageCacheImpl.swift in Sources */,
				B069C511EC471F61F3CC24DB /* RedditEntryModel.swift in Sources */,
				B069CF723B2EB34C8D93C809 /* RedditThumbnailModel.swift in Sources */,
				B069CD26689EF512B7535CF6 /* RedditImageModel.swift in Sources */,
				B069C6EAC00FF2816541A3E2 /* Map.swift in Sources */,
				B069C799220BF3F81711D207 /* Convertible.swift in Sources */,
				B069C068BBF1B75007A3A6A7 /* MappingError.swift in Sources */,
				B069CCC8F5AB5DE26D8BD6D6 /* NSDictionary+Mapping.swift in Sources */,
				B069CDBF6B0460D541484BD1 /* NewsListService.swift in Sources */,
				B069C1E4EBE90DC697DA0FA8 /* EntryListResponse.swift in Sources */,
				B069C9631210EA8D32A81270 /* NewsListServiceImpl.swift in Sources */,
				B069CE1796A7D63875045485 /* DateFormatter.swift in Sources */,
			);
			runOnlyForDeploymentPostprocessing = 0;
		};
/* End PBXSourcesBuildPhase section */

/* Begin PBXTargetDependency section */
		B5A77F661F658370002B503B /* PBXTargetDependency */ = {
			isa = PBXTargetDependency;
			target = B5E23F401F63C67B003A59F1 /* RingLabsTestTask */;
			targetProxy = B5A77F651F658370002B503B /* PBXContainerItemProxy */;
		};
/* End PBXTargetDependency section */

/* Begin PBXVariantGroup section */
		B069C20972A3E1DA0C20E69E /* LaunchScreen.storyboard */ = {
			isa = PBXVariantGroup;
			children = (
				B069C62D22E17C471DA3910F /* Base */,
			);
			name = LaunchScreen.storyboard;
			sourceTree = "<group>";
		};
/* End PBXVariantGroup section */

/* Begin XCBuildConfiguration section */
		B5A77F671F658370002B503B /* Debug */ = {
			isa = XCBuildConfiguration;
			buildSettings = {
				BUNDLE_LOADER = "$(TEST_HOST)";
				INFOPLIST_FILE = Tests/Info.plist;
				LD_RUNPATH_SEARCH_PATHS = "$(inherited) @executable_path/Frameworks @loader_path/Frameworks";
				PRODUCT_BUNDLE_IDENTIFIER = organization.Tests;
				PRODUCT_NAME = "$(TARGET_NAME)";
				SWIFT_VERSION = 3.0;
				TEST_HOST = "$(BUILT_PRODUCTS_DIR)/RingLabsTestTask.app/RingLabsTestTask";
			};
			name = Debug;
		};
		B5A77F681F658370002B503B /* Release */ = {
			isa = XCBuildConfiguration;
			buildSettings = {
				BUNDLE_LOADER = "$(TEST_HOST)";
				INFOPLIST_FILE = Tests/Info.plist;
				LD_RUNPATH_SEARCH_PATHS = "$(inherited) @executable_path/Frameworks @loader_path/Frameworks";
				PRODUCT_BUNDLE_IDENTIFIER = organization.Tests;
				PRODUCT_NAME = "$(TARGET_NAME)";
				SWIFT_VERSION = 3.0;
				TEST_HOST = "$(BUILT_PRODUCTS_DIR)/RingLabsTestTask.app/RingLabsTestTask";
			};
			name = Release;
		};
		B5E23F511F63C67B003A59F1 /* Debug */ = {
			isa = XCBuildConfiguration;
			buildSettings = {
				ALWAYS_SEARCH_USER_PATHS = NO;
				CLANG_ANALYZER_NONNULL = YES;
				CLANG_ANALYZER_NUMBER_OBJECT_CONVERSION = YES_AGGRESSIVE;
				CLANG_CXX_LANGUAGE_STANDARD = "gnu++0x";
				CLANG_CXX_LIBRARY = "libc++";
				CLANG_ENABLE_MODULES = YES;
				CLANG_ENABLE_OBJC_ARC = YES;
				CLANG_WARN_BOOL_CONVERSION = YES;
				CLANG_WARN_CONSTANT_CONVERSION = YES;
				CLANG_WARN_DIRECT_OBJC_ISA_USAGE = YES_ERROR;
				CLANG_WARN_DOCUMENTATION_COMMENTS = YES;
				CLANG_WARN_EMPTY_BODY = YES;
				CLANG_WARN_ENUM_CONVERSION = YES;
				CLANG_WARN_INFINITE_RECURSION = YES;
				CLANG_WARN_INT_CONVERSION = YES;
				CLANG_WARN_OBJC_ROOT_CLASS = YES_ERROR;
				CLANG_WARN_SUSPICIOUS_MOVE = YES;
				CLANG_WARN_UNREACHABLE_CODE = YES;
				CLANG_WARN__DUPLICATE_METHOD_MATCH = YES;
				"CODE_SIGN_IDENTITY[sdk=iphoneos*]" = "iPhone Developer";
				COPY_PHASE_STRIP = NO;
				DEBUG_INFORMATION_FORMAT = dwarf;
				ENABLE_STRICT_OBJC_MSGSEND = YES;
				ENABLE_TESTABILITY = YES;
				GCC_C_LANGUAGE_STANDARD = gnu99;
				GCC_DYNAMIC_NO_PIC = NO;
				GCC_NO_COMMON_BLOCKS = YES;
				GCC_OPTIMIZATION_LEVEL = 0;
				GCC_PREPROCESSOR_DEFINITIONS = (
					"DEBUG=1",
					"$(inherited)",
				);
				GCC_WARN_64_TO_32_BIT_CONVERSION = YES;
				GCC_WARN_ABOUT_RETURN_TYPE = YES_ERROR;
				GCC_WARN_UNDECLARED_SELECTOR = YES;
				GCC_WARN_UNINITIALIZED_AUTOS = YES_AGGRESSIVE;
				GCC_WARN_UNUSED_FUNCTION = YES;
				GCC_WARN_UNUSED_VARIABLE = YES;
				IPHONEOS_DEPLOYMENT_TARGET = 9.3;
				MTL_ENABLE_DEBUG_INFO = YES;
				ONLY_ACTIVE_ARCH = YES;
				SDKROOT = iphoneos;
				SWIFT_ACTIVE_COMPILATION_CONDITIONS = DEBUG;
				SWIFT_OPTIMIZATION_LEVEL = "-Onone";
				TARGETED_DEVICE_FAMILY = "1,2";
			};
			name = Debug;
		};
		B5E23F521F63C67B003A59F1 /* Release */ = {
			isa = XCBuildConfiguration;
			buildSettings = {
				ALWAYS_SEARCH_USER_PATHS = NO;
				CLANG_ANALYZER_NONNULL = YES;
				CLANG_ANALYZER_NUMBER_OBJECT_CONVERSION = YES_AGGRESSIVE;
				CLANG_CXX_LANGUAGE_STANDARD = "gnu++0x";
				CLANG_CXX_LIBRARY = "libc++";
				CLANG_ENABLE_MODULES = YES;
				CLANG_ENABLE_OBJC_ARC = YES;
				CLANG_WARN_BOOL_CONVERSION = YES;
				CLANG_WARN_CONSTANT_CONVERSION = YES;
				CLANG_WARN_DIRECT_OBJC_ISA_USAGE = YES_ERROR;
				CLANG_WARN_DOCUMENTATION_COMMENTS = YES;
				CLANG_WARN_EMPTY_BODY = YES;
				CLANG_WARN_ENUM_CONVERSION = YES;
				CLANG_WARN_INFINITE_RECURSION = YES;
				CLANG_WARN_INT_CONVERSION = YES;
				CLANG_WARN_OBJC_ROOT_CLASS = YES_ERROR;
				CLANG_WARN_SUSPICIOUS_MOVE = YES;
				CLANG_WARN_UNREACHABLE_CODE = YES;
				CLANG_WARN__DUPLICATE_METHOD_MATCH = YES;
				"CODE_SIGN_IDENTITY[sdk=iphoneos*]" = "iPhone Developer";
				COPY_PHASE_STRIP = NO;
				DEBUG_INFORMATION_FORMAT = "dwarf-with-dsym";
				ENABLE_NS_ASSERTIONS = NO;
				ENABLE_STRICT_OBJC_MSGSEND = YES;
				GCC_C_LANGUAGE_STANDARD = gnu99;
				GCC_NO_COMMON_BLOCKS = YES;
				GCC_WARN_64_TO_32_BIT_CONVERSION = YES;
				GCC_WARN_ABOUT_RETURN_TYPE = YES_ERROR;
				GCC_WARN_UNDECLARED_SELECTOR = YES;
				GCC_WARN_UNINITIALIZED_AUTOS = YES_AGGRESSIVE;
				GCC_WARN_UNUSED_FUNCTION = YES;
				GCC_WARN_UNUSED_VARIABLE = YES;
				IPHONEOS_DEPLOYMENT_TARGET = 9.3;
				MTL_ENABLE_DEBUG_INFO = NO;
				SDKROOT = iphoneos;
				SWIFT_OPTIMIZATION_LEVEL = "-Owholemodule";
				TARGETED_DEVICE_FAMILY = "1,2";
				VALIDATE_PRODUCT = YES;
			};
			name = Release;
		};
		B5E23F541F63C67B003A59F1 /* Debug */ = {
			isa = XCBuildConfiguration;
			buildSettings = {
				ASSETCATALOG_COMPILER_APPICON_NAME = AppIcon;
				DEVELOPMENT_TEAM = TA9RQZV3QA;
				INFOPLIST_FILE = RingLabsTestTask/SupportingFiles/Info.plist;
				LD_RUNPATH_SEARCH_PATHS = "$(inherited) @executable_path/Frameworks";
				PRODUCT_BUNDLE_IDENTIFIER = organization.RingLabsTestTask;
				PRODUCT_NAME = "$(TARGET_NAME)";
				SWIFT_VERSION = 3.0;
			};
			name = Debug;
		};
		B5E23F551F63C67B003A59F1 /* Release */ = {
			isa = XCBuildConfiguration;
			buildSettings = {
				ASSETCATALOG_COMPILER_APPICON_NAME = AppIcon;
				DEVELOPMENT_TEAM = TA9RQZV3QA;
				INFOPLIST_FILE = RingLabsTestTask/SupportingFiles/Info.plist;
				LD_RUNPATH_SEARCH_PATHS = "$(inherited) @executable_path/Frameworks";
				PRODUCT_BUNDLE_IDENTIFIER = organization.RingLabsTestTask;
				PRODUCT_NAME = "$(TARGET_NAME)";
				SWIFT_VERSION = 3.0;
			};
			name = Release;
		};
/* End XCBuildConfiguration section */

/* Begin XCConfigurationList section */
		B5A77F691F658370002B503B /* Build configuration list for PBXNativeTarget "Tests" */ = {
			isa = XCConfigurationList;
			buildConfigurations = (
				B5A77F671F658370002B503B /* Debug */,
				B5A77F681F658370002B503B /* Release */,
			);
			defaultConfigurationIsVisible = 0;
			defaultConfigurationName = Release;
		};
		B5E23F3C1F63C67B003A59F1 /* Build configuration list for PBXProject "RingLabsTestTask" */ = {
			isa = XCConfigurationList;
			buildConfigurations = (
				B5E23F511F63C67B003A59F1 /* Debug */,
				B5E23F521F63C67B003A59F1 /* Release */,
			);
			defaultConfigurationIsVisible = 0;
			defaultConfigurationName = Release;
		};
		B5E23F531F63C67B003A59F1 /* Build configuration list for PBXNativeTarget "RingLabsTestTask" */ = {
			isa = XCConfigurationList;
			buildConfigurations = (
				B5E23F541F63C67B003A59F1 /* Debug */,
				B5E23F551F63C67B003A59F1 /* Release */,
			);
			defaultConfigurationIsVisible = 0;
			defaultConfigurationName = Release;
		};
/* End XCConfigurationList section */
	};
	rootObject = B5E23F391F63C67B003A59F1 /* Project object */;
}
